// !$*UTF8*$!
{
	archiveVersion = 1;
	classes = {
	};
	objectVersion = 46;
	objects = {

/* Begin PBXBuildFile section */
		C8A4EEFE1E36DA48006C8424 /* VectorView.swift in Sources */ = {isa = PBXBuildFile; fileRef = C8A4EEFD1E36DA48006C8424 /* VectorView.swift */; };
		C8A4EF001E36DD0B006C8424 /* Default-568h@2x.png in Resources */ = {isa = PBXBuildFile; fileRef = C8A4EEFF1E36DD0B006C8424 /* Default-568h@2x.png */; };
		C8E070851E303F8B00D8A217 /* AppDelegate.swift in Sources */ = {isa = PBXBuildFile; fileRef = C8E070841E303F8B00D8A217 /* AppDelegate.swift */; };
		C8E070871E303F8B00D8A217 /* ViewController.swift in Sources */ = {isa = PBXBuildFile; fileRef = C8E070861E303F8B00D8A217 /* ViewController.swift */; };
		C8E0708C1E303F8B00D8A217 /* Assets.xcassets in Resources */ = {isa = PBXBuildFile; fileRef = C8E0708B1E303F8B00D8A217 /* Assets.xcassets */; };
		C8E070971E30403100D8A217 /* Vector.swift in Sources */ = {isa = PBXBuildFile; fileRef = C8E070961E30403100D8A217 /* Vector.swift */; };
/* End PBXBuildFile section */

/* Begin PBXFileReference section */
		C8A4EEFD1E36DA48006C8424 /* VectorView.swift */ = {isa = PBXFileReference; fileEncoding = 4; lastKnownFileType = sourcecode.swift; path = VectorView.swift; sourceTree = "<group>"; };
		C8A4EEFF1E36DD0B006C8424 /* Default-568h@2x.png */ = {isa = PBXFileReference; lastKnownFileType = image.png; path = "Default-568h@2x.png"; sourceTree = "<group>"; };
		C8E070811E303F8B00D8A217 /* Arrows.app */ = {isa = PBXFileReference; explicitFileType = wrapper.application; includeInIndex = 0; path = Arrows.app; sourceTree = BUILT_PRODUCTS_DIR; };
		C8E070841E303F8B00D8A217 /* AppDelegate.swift */ = {isa = PBXFileReference; lastKnownFileType = sourcecode.swift; path = AppDelegate.swift; sourceTree = "<group>"; };
		C8E070861E303F8B00D8A217 /* ViewController.swift */ = {isa = PBXFileReference; lastKnownFileType = sourcecode.swift; path = ViewController.swift; sourceTree = "<group>"; };
		C8E0708B1E303F8B00D8A217 /* Assets.xcassets */ = {isa = PBXFileReference; lastKnownFileType = folder.assetcatalog; path = Assets.xcassets; sourceTree = "<group>"; };
		C8E070901E303F8B00D8A217 /* Info.plist */ = {isa = PBXFileReference; lastKnownFileType = text.plist.xml; path = Info.plist; sourceTree = "<group>"; };
		C8E070961E30403100D8A217 /* Vector.swift */ = {isa = PBXFileReference; fileEncoding = 4; lastKnownFileType = sourcecode.swift; path = Vector.swift; sourceTree = "<group>"; };
/* End PBXFileReference section */

/* Begin PBXFrameworksBuildPhase section */
		C8E0707E1E303F8B00D8A217 /* Frameworks */ = {
			isa = PBXFrameworksBuildPhase;
			buildActionMask = 2147483647;
			files = (
			);
			runOnlyForDeploymentPostprocessing = 0;
		};
/* End PBXFrameworksBuildPhase section */

/* Begin PBXGroup section */
		C8E070781E303F8A00D8A217 = {
			isa = PBXGroup;
			children = (
				C8A4EEFF1E36DD0B006C8424 /* Default-568h@2x.png */,
				C8E070831E303F8B00D8A217 /* Arrows */,
				C8E070821E303F8B00D8A217 /* Products */,
			);
			sourceTree = "<group>";
		};
		C8E070821E303F8B00D8A217 /* Products */ = {
			isa = PBXGroup;
			children = (
				C8E070811E303F8B00D8A217 /* Arrows.app */,
			);
			name = Products;
			sourceTree = "<group>";
		};
		C8E070831E303F8B00D8A217 /* Arrows */ = {
			isa = PBXGroup;
			children = (
				C8E070841E303F8B00D8A217 /* AppDelegate.swift */,
				C8E070961E30403100D8A217 /* Vector.swift */,
				C8E070861E303F8B00D8A217 /* ViewController.swift */,
				C8E0708B1E303F8B00D8A217 /* Assets.xcassets */,
				C8E070901E303F8B00D8A217 /* Info.plist */,
				C8A4EEFD1E36DA48006C8424 /* VectorView.swift */,
			);
			path = Arrows;
			sourceTree = "<group>";
		};
/* End PBXGroup section */

/* Begin PBXNativeTarget section */
		C8E070801E303F8B00D8A217 /* Arrows */ = {
			isa = PBXNativeTarget;
			buildConfigurationList = C8E070931E303F8B00D8A217 /* Build configuration list for PBXNativeTarget "Arrows" */;
			buildPhases = (
				C8E0707D1E303F8B00D8A217 /* Sources */,
				C8E0707E1E303F8B00D8A217 /* Frameworks */,
				C8E0707F1E303F8B00D8A217 /* Resources */,
			);
			buildRules = (
			);
			dependencies = (
			);
			name = Arrows;
			productName = Arrows;
			productReference = C8E070811E303F8B00D8A217 /* Arrows.app */;
			productType = "com.apple.product-type.application";
		};
/* End PBXNativeTarget section */

/* Begin PBXProject section */
		C8E070791E303F8A00D8A217 /* Project object */ = {
			isa = PBXProject;
			attributes = {
				LastSwiftUpdateCheck = 0820;
				LastUpgradeCheck = 0820;
				ORGANIZATIONNAME = "Brandon Koch";
				TargetAttributes = {
					C8E070801E303F8B00D8A217 = {
						CreatedOnToolsVersion = 8.2.1;
						ProvisioningStyle = Automatic;
					};
				};
			};
			buildConfigurationList = C8E0707C1E303F8A00D8A217 /* Build configuration list for PBXProject "Arrows" */;
			compatibilityVersion = "Xcode 3.2";
			developmentRegion = English;
			hasScannedForEncodings = 0;
			knownRegions = (
				en,
				Base,
			);
			mainGroup = C8E070781E303F8A00D8A217;
			productRefGroup = C8E070821E303F8B00D8A217 /* Products */;
			projectDirPath = "";
			projectRoot = "";
			targets = (
				C8E070801E303F8B00D8A217 /* Arrows */,
			);
		};
/* End PBXProject section */

/* Begin PBXResourcesBuildPhase section */
		C8E0707F1E303F8B00D8A217 /* Resources */ = {
			isa = PBXResourcesBuildPhase;
			buildActionMask = 2147483647;
			files = (
				C8E0708C1E303F8B00D8A217 /* Assets.xcassets in Resources */,
				C8A4EF001E36DD0B006C8424 /* Default-568h@2x.png in Resources */,
			);
			runOnlyForDeploymentPostprocessing = 0;
		};
/* End PBXResourcesBuildPhase section */

/* Begin PBXSourcesBuildPhase section */
		C8E0707D1E303F8B00D8A217 /* Sources */ = {
			isa = PBXSourcesBuildPhase;
			buildActionMask = 2147483647;
			files = (
				C8E070871E303F8B00D8A217 /* ViewController.swift in Sources */,
				C8A4EEFE1E36DA48006C8424 /* VectorView.swift in Sources */,
				C8E070971E30403100D8A217 /* Vector.swift in Sources */,
				C8E070851E303F8B00D8A217 /* AppDelegate.swift in Sources */,
			);
			runOnlyForDeploymentPostprocessing = 0;
		};
/* End PBXSourcesBuildPhase section */

/* Begin XCBuildConfiguration section */
		C8E070911E303F8B00D8A217 /* Debug */ = {
			isa = XCBuildConfiguration;
			buildSettings = {
				ALWAYS_SEARCH_USER_PATHS = NO;
				CLANG_ANALYZER_NONNULL = YES;
				CLANG_CXX_LANGUAGE_STANDARD = "gnu++0x";
				CLANG_CXX_LIBRARY = "libc++";
				CLANG_ENABLE_MODULES = YES;
				CLANG_ENABLE_OBJC_ARC = YES;
				CLANG_WARN_BOOL_CONVERSION = YES;
				CLANG_WARN_CONSTANT_CONVERSION = YES;
				CLANG_WARN_DIRECT_OBJC_ISA_USAGE = YES_ERROR;
				CLANG_WARN_DOCUMENTATION_COMMENTS = YES;
				CLANG_WARN_EMPTY_BODY = YES;
				CLANG_WARN_ENUM_CONVERSION = YES;
				CLANG_WARN_INFINITE_RECURSION = YES;
				CLANG_WARN_INT_CONVERSION = YES;
				CLANG_WARN_OBJC_ROOT_CLASS = YES_ERROR;
				CLANG_WARN_SUSPICIOUS_MOVE = YES;
				CLANG_WARN_UNREACHABLE_CODE = YES;
				CLANG_WARN__DUPLICATE_METHOD_MATCH = YES;
				"CODE_SIGN_IDENTITY[sdk=iphoneos*]" = "iPhone Developer";
				COPY_PHASE_STRIP = NO;
				DEBUG_INFORMATION_FORMAT = dwarf;
				ENABLE_STRICT_OBJC_MSGSEND = YES;
				ENABLE_TESTABILITY = YES;
				GCC_C_LANGUAGE_STANDARD = gnu99;
				GCC_DYNAMIC_NO_PIC = NO;
				GCC_NO_COMMON_BLOCKS = YES;
				GCC_OPTIMIZATION_LEVEL = 0;
				GCC_PREPROCESSOR_DEFINITIONS = (
					"DEBUG=1",
					"$(inherited)",
				);
				GCC_WARN_64_TO_32_BIT_CONVERSION = YES;
				GCC_WARN_ABOUT_RETURN_TYPE = YES_ERROR;
				GCC_WARN_UNDECLARED_SELECTOR = YES;
				GCC_WARN_UNINITIALIZED_AUTOS = YES_AGGRESSIVE;
				GCC_WARN_UNUSED_FUNCTION = YES;
				GCC_WARN_UNUSED_VARIABLE = YES;
				IPHONEOS_DEPLOYMENT_TARGET = 10.2;
				MTL_ENABLE_DEBUG_INFO = YES;
				ONLY_ACTIVE_ARCH = YES;
				SDKROOT = iphoneos;
				SWIFT_ACTIVE_COMPILATION_CONDITIONS = DEBUG;
				SWIFT_OPTIMIZATION_LEVEL = "-Onone";
				TARGETED_DEVICE_FAMILY = "1,2";
			};
			name = Debug;
		};
		C8E070921E303F8B00D8A217 /* Release */ = {
			isa = XCBuildConfiguration;
			buildSettings = {
				ALWAYS_SEARCH_USER_PATHS = NO;
				CLANG_ANALYZER_NONNULL = YES;
				CLANG_CXX_LANGUAGE_STANDARD = "gnu++0x";
				CLANG_CXX_LIBRARY = "libc++";
				CLANG_ENABLE_MODULES = YES;
				CLANG_ENABLE_OBJC_ARC = YES;
				CLANG_WARN_BOOL_CONVERSION = YES;
				CLANG_WARN_CONSTANT_CONVERSION = YES;
				CLANG_WARN_DIRECT_OBJC_ISA_USAGE = YES_ERROR;
				CLANG_WARN_DOCUMENTATION_COMMENTS = YES;
				CLANG_WARN_EMPTY_BODY = YES;
				CLANG_WARN_ENUM_CONVERSION = YES;
				CLANG_WARN_INFINITE_RECURSION = YES;
				CLANG_WARN_INT_CONVERSION = YES;
				CLANG_WARN_OBJC_ROOT_CLASS = YES_ERROR;
				CLANG_WARN_SUSPICIOUS_MOVE = YES;
				CLANG_WARN_UNREACHABLE_CODE = YES;
				CLANG_WARN__DUPLICATE_METHOD_MATCH = YES;
				"CODE_SIGN_IDENTITY[sdk=iphoneos*]" = "iPhone Developer";
				COPY_PHASE_STRIP = NO;
				DEBUG_INFORMATION_FORMAT = "dwarf-with-dsym";
				ENABLE_NS_ASSERTIONS = NO;
				ENABLE_STRICT_OBJC_MSGSEND = YES;
				GCC_C_LANGUAGE_STANDARD = gnu99;
				GCC_NO_COMMON_BLOCKS = YES;
				GCC_WARN_64_TO_32_BIT_CONVERSION = YES;
				GCC_WARN_ABOUT_RETURN_TYPE = YES_ERROR;
				GCC_WARN_UNDECLARED_SELECTOR = YES;
				GCC_WARN_UNINITIALIZED_AUTOS = YES_AGGRESSIVE;
				GCC_WARN_UNUSED_FUNCTION = YES;
				GCC_WARN_UNUSED_VARIABLE = YES;
				IPHONEOS_DEPLOYMENT_TARGET = 10.2;
				MTL_ENABLE_DEBUG_INFO = NO;
				SDKROOT = iphoneos;
				SWIFT_OPTIMIZATION_LEVEL = "-Owholemodule";
				TARGETED_DEVICE_FAMILY = "1,2";
				VALIDATE_PRODUCT = YES;
			};
			name = Release;
		};
		C8E070941E303F8B00D8A217 /* Debug */ = {
			isa = XCBuildConfiguration;
			buildSettings = {
				ASSETCATALOG_COMPILER_APPICON_NAME = AppIcon;
				INFOPLIST_FILE = Arrows/Info.plist;
				LD_RUNPATH_SEARCH_PATHS = "$(inherited) @executable_path/Frameworks";
				PRODUCT_BUNDLE_IDENTIFIER = edu.utah.cs4530.Arrows;
				PRODUCT_NAME = "$(TARGET_NAME)";
				SWIFT_VERSION = 3.0;
			};
			name = Debug;
		};
		C8E070951E303F8B00D8A217 /* Release */ = {
			isa = XCBuildConfiguration;
			buildSettings = {
				ASSETCATALOG_COMPILER_APPICON_NAME = AppIcon;
				INFOPLIST_FILE = Arrows/Info.plist;
				LD_RUNPATH_SEARCH_PATHS = "$(inherited) @executable_path/Frameworks";
				PRODUCT_BUNDLE_IDENTIFIER = edu.utah.cs4530.Arrows;
				PRODUCT_NAME = "$(TARGET_NAME)";
				SWIFT_VERSION = 3.0;
			};
			name = Release;
		};
/* End XCBuildConfiguration section */

/* Begin XCConfigurationList section */
		C8E0707C1E303F8A00D8A217 /* Build configuration list for PBXProject "Arrows" */ = {
			isa = XCConfigurationList;
			buildConfigurations = (
				C8E070911E303F8B00D8A217 /* Debug */,
				C8E070921E303F8B00D8A217 /* Release */,
			);
			defaultConfigurationIsVisible = 0;
			defaultConfigurationName = Release;
		};
		C8E070931E303F8B00D8A217 /* Build configuration list for PBXNativeTarget "Arrows" */ = {
			isa = XCConfigurationList;
			buildConfigurations = (
				C8E070941E303F8B00D8A217 /* Debug */,
				C8E070951E303F8B00D8A217 /* Release */,
			);
			defaultConfigurationIsVisible = 0;
			defaultConfigurationName = Release;
		};
/* End XCConfigurationList section */
	};
	rootObject = C8E070791E303F8A00D8A217 /* Project object */;
}
